{
  "object": {
    "pins": [
      {
        "package": "CardDeck",
        "repositoryURL": "https://github.com/mmuszynski/CardDeck",
        "state": {
          "branch": null,
          "revision": "4be14f11a3932efd3d1979252c8a2604507ebc60",
          "version": "0.0.6"
        }
      }
    ]
  },
  "version": 1
}
